
Microsoft Visual Studio Solution File, Format Version 12.00
# Visual Studio Version 17
VisualStudioVersion = 17.2.32616.157
MinimumVisualStudioVersion = 10.0.40219.1
Project("{FAE04EC0-301F-11D3-BF4B-00C04F79EFBC}") = "cn_traffic_delegate", "cn_traffic_delegate.csproj", "{70526219-61B3-495E-B88D-28F452F750A5}"
EndProject
Global
	GlobalSection(SolutionConfigurationPlatforms) = preSolution
		Debug|Any CPU = Debug|Any CPU
		Release|Any CPU = Release|Any CPU
	EndGlobalSection
	GlobalSection(ProjectConfigurationPlatforms) = postSolution
		{70526219-61B3-495E-B88D-28F452F750A5}.Debug|Any CPU.ActiveCfg = Debug|Any CPU
		{70526219-61B3-495E-B88D-28F452F750A5}.Debug|Any CPU.Build.0 = Debug|Any CPU
		{70526219-61B3-495E-B88D-28F452F750A5}.Release|Any CPU.ActiveCfg = Release|Any CPU
		{70526219-61B3-495E-B88D-28F452F750A5}.Release|Any CPU.Build.0 = Release|Any CPU
	EndGlobalSection
	GlobalSection(SolutionProperties) = preSolution
		HideSolutionNode = FALSE
	EndGlobalSection
	GlobalSection(ExtensibilityGlobals) = postSolution
		SolutionGuid = {BDE05F6B-63BA-4EB1-9CC6-BD5A45A53655}
	EndGlobalSection
EndGlobal
